{
  "name": "equity-token",
  "version": "0.0.0",
  "lockfileVersion": 3,
  "requires": true,
  "packages": {
    "": {
      "name": "equity-token",
      "version": "0.0.0",
      "license": "MIT",
      "dependencies": {
        "@tokenf/contracts": "file:../../contracts"
      }
    },
    "../../contracts": {
      "name": "@tokenf/contracts",
      "version": "0.0.0",
      "license": "MIT",
      "dependencies": {
        "@openzeppelin/contracts": "4.9.5",
        "@openzeppelin/contracts-upgradeable": "4.9.5",
        "@solarity/solidity-lib": "2.7.0"
      }
    },
    "node_modules/@tokenf/contracts": {
      "resolved": "../../contracts",
      "link": true
    }
  }
}
